
Microsoft Visual Studio Solution File, Format Version 12.00
# Visual Studio 15
VisualStudioVersion = 15.0.27004.2010
MinimumVisualStudioVersion = 10.0.40219.1
Project("{FAE04EC0-301F-11D3-BF4B-00C04F79EFBC}") = "WebCommercial", "WebCommercial\WebCommercial.csproj", "{2550E7CB-9F8E-40BE-83F9-04C00426DB49}"
EndProject
Global
	GlobalSection(SolutionConfigurationPlatforms) = preSolution
		Debug|Any CPU = Debug|Any CPU
		Release|Any CPU = Release|Any CPU
	EndGlobalSection
	GlobalSection(ProjectConfigurationPlatforms) = postSolution
		{2550E7CB-9F8E-40BE-83F9-04C00426DB49}.Debug|Any CPU.ActiveCfg = Debug|Any CPU
		{2550E7CB-9F8E-40BE-83F9-04C00426DB49}.Debug|Any CPU.Build.0 = Debug|Any CPU
		{2550E7CB-9F8E-40BE-83F9-04C00426DB49}.Release|Any CPU.ActiveCfg = Release|Any CPU
		{2550E7CB-9F8E-40BE-83F9-04C00426DB49}.Release|Any CPU.Build.0 = Release|Any CPU
	EndGlobalSection
	GlobalSection(SolutionProperties) = preSolution
		HideSolutionNode = FALSE
	EndGlobalSection
	GlobalSection(ExtensibilityGlobals) = postSolution
		SolutionGuid = {967088AF-065E-4AAD-8A52-F42BF9A1D54E}
	EndGlobalSection
EndGlobal
